
Microsoft Visual Studio Solution File, Format Version 12.00
# Visual Studio 15
VisualStudioVersion = 15.0.28010.2046
MinimumVisualStudioVersion = 10.0.40219.1
Project("{FAE04EC0-301F-11D3-BF4B-00C04F79EFBC}") = "IndividualProject_PetrosSarantakos", "IndividualProject_PetrosSarantakos\IndividualProject_PetrosSarantakos.csproj", "{9629ACC0-4CE0-4E22-92AD-33A68830DC73}"
EndProject
Global
	GlobalSection(SolutionConfigurationPlatforms) = preSolution
		Debug|Any CPU = Debug|Any CPU
		Release|Any CPU = Release|Any CPU
	EndGlobalSection
	GlobalSection(ProjectConfigurationPlatforms) = postSolution
		{9629ACC0-4CE0-4E22-92AD-33A68830DC73}.Debug|Any CPU.ActiveCfg = Debug|Any CPU
		{9629ACC0-4CE0-4E22-92AD-33A68830DC73}.Debug|Any CPU.Build.0 = Debug|Any CPU
		{9629ACC0-4CE0-4E22-92AD-33A68830DC73}.Release|Any CPU.ActiveCfg = Release|Any CPU
		{9629ACC0-4CE0-4E22-92AD-33A68830DC73}.Release|Any CPU.Build.0 = Release|Any CPU
	EndGlobalSection
	GlobalSection(SolutionProperties) = preSolution
		HideSolutionNode = FALSE
	EndGlobalSection
	GlobalSection(ExtensibilityGlobals) = postSolution
		SolutionGuid = {3EFA8D81-A8E5-411C-A481-A4741DB8D4A5}
	EndGlobalSection
EndGlobal
